
Microsoft Visual Studio Solution File, Format Version 12.00
# Visual Studio Version 17
VisualStudioVersion = 17.11.35219.272
MinimumVisualStudioVersion = 10.0.40219.1
Project("{FAE04EC0-301F-11D3-BF4B-00C04F79EFBC}") = "DSRFQ.Web", "DSRFQ.Web\DSRFQ.Web.csproj", "{54F3D6E5-503C-43FA-A841-45CC71FB4334}"
EndProject
Global
	GlobalSection(SolutionConfigurationPlatforms) = preSolution
		Debug|Any CPU = Debug|Any CPU
		Release|Any CPU = Release|Any CPU
	EndGlobalSection
	GlobalSection(ProjectConfigurationPlatforms) = postSolution
		{54F3D6E5-503C-43FA-A841-45CC71FB4334}.Debug|Any CPU.ActiveCfg = Debug|Any CPU
		{54F3D6E5-503C-43FA-A841-45CC71FB4334}.Debug|Any CPU.Build.0 = Debug|Any CPU
		{54F3D6E5-503C-43FA-A841-45CC71FB4334}.Release|Any CPU.ActiveCfg = Release|Any CPU
		{54F3D6E5-503C-43FA-A841-45CC71FB4334}.Release|Any CPU.Build.0 = Release|Any CPU
	EndGlobalSection
	GlobalSection(SolutionProperties) = preSolution
		HideSolutionNode = FALSE
	EndGlobalSection
	GlobalSection(ExtensibilityGlobals) = postSolution
		SolutionGuid = {C11F77D9-12E4-4B58-8ACB-87B9AA37C059}
	EndGlobalSection
EndGlobal
